
Microsoft Visual Studio Solution File, Format Version 12.00
Project("{FAE04EC0-301F-11D3-BF4B-00C04F79EFBC}") = "Fask.Shared", "src\Backend\Fask.Shared\Fask.Shared.csproj", "{3A7009A6-1522-4ADB-9CB3-D99CF340E42B}"
EndProject
Project("{FAE04EC0-301F-11D3-BF4B-00C04F79EFBC}") = "Fask.Shared.Abstraction", "src\Backend\Fask.Shared.Abstraction\Fask.Shared.Abstraction.csproj", "{6B901D07-1D79-4483-BDE4-0A6DDB4F8781}"
EndProject
Global
	GlobalSection(SolutionConfigurationPlatforms) = preSolution
		Debug|Any CPU = Debug|Any CPU
		Release|Any CPU = Release|Any CPU
	EndGlobalSection
	GlobalSection(ProjectConfigurationPlatforms) = postSolution
		{3A7009A6-1522-4ADB-9CB3-D99CF340E42B}.Debug|Any CPU.ActiveCfg = Debug|Any CPU
		{3A7009A6-1522-4ADB-9CB3-D99CF340E42B}.Debug|Any CPU.Build.0 = Debug|Any CPU
		{3A7009A6-1522-4ADB-9CB3-D99CF340E42B}.Release|Any CPU.ActiveCfg = Release|Any CPU
		{3A7009A6-1522-4ADB-9CB3-D99CF340E42B}.Release|Any CPU.Build.0 = Release|Any CPU
		{6B901D07-1D79-4483-BDE4-0A6DDB4F8781}.Debug|Any CPU.ActiveCfg = Debug|Any CPU
		{6B901D07-1D79-4483-BDE4-0A6DDB4F8781}.Debug|Any CPU.Build.0 = Debug|Any CPU
		{6B901D07-1D79-4483-BDE4-0A6DDB4F8781}.Release|Any CPU.ActiveCfg = Release|Any CPU
		{6B901D07-1D79-4483-BDE4-0A6DDB4F8781}.Release|Any CPU.Build.0 = Release|Any CPU
	EndGlobalSection
EndGlobal
